
Microsoft Visual Studio Solution File, Format Version 12.00
# Visual Studio Version 17
VisualStudioVersion = 17.11.35312.102
MinimumVisualStudioVersion = 10.0.40219.1
Project("{FAE04EC0-301F-11D3-BF4B-00C04F79EFBC}") = "while-silmukka3", "while-silmukka3\while-silmukka3.csproj", "{B9A248C4-7357-4E17-B785-EBFFE7B297AB}"
EndProject
Global
	GlobalSection(SolutionConfigurationPlatforms) = preSolution
		Debug|Any CPU = Debug|Any CPU
		Release|Any CPU = Release|Any CPU
	EndGlobalSection
	GlobalSection(ProjectConfigurationPlatforms) = postSolution
		{B9A248C4-7357-4E17-B785-EBFFE7B297AB}.Debug|Any CPU.ActiveCfg = Debug|Any CPU
		{B9A248C4-7357-4E17-B785-EBFFE7B297AB}.Debug|Any CPU.Build.0 = Debug|Any CPU
		{B9A248C4-7357-4E17-B785-EBFFE7B297AB}.Release|Any CPU.ActiveCfg = Release|Any CPU
		{B9A248C4-7357-4E17-B785-EBFFE7B297AB}.Release|Any CPU.Build.0 = Release|Any CPU
	EndGlobalSection
	GlobalSection(SolutionProperties) = preSolution
		HideSolutionNode = FALSE
	EndGlobalSection
	GlobalSection(ExtensibilityGlobals) = postSolution
		SolutionGuid = {73C88C7F-BE9A-4981-B480-773F1ACE73F2}
	EndGlobalSection
EndGlobal
