
Microsoft Visual Studio Solution File, Format Version 12.00
# Visual Studio Version 17
VisualStudioVersion = 17.11.35312.102
MinimumVisualStudioVersion = 10.0.40219.1
Project("{FAE04EC0-301F-11D3-BF4B-00C04F79EFBC}") = "for-loopit13", "for-loopit13\for-loopit13.csproj", "{F00F609B-35DE-4527-8201-8F04737DB00F}"
EndProject
Global
	GlobalSection(SolutionConfigurationPlatforms) = preSolution
		Debug|Any CPU = Debug|Any CPU
		Release|Any CPU = Release|Any CPU
	EndGlobalSection
	GlobalSection(ProjectConfigurationPlatforms) = postSolution
		{F00F609B-35DE-4527-8201-8F04737DB00F}.Debug|Any CPU.ActiveCfg = Debug|Any CPU
		{F00F609B-35DE-4527-8201-8F04737DB00F}.Debug|Any CPU.Build.0 = Debug|Any CPU
		{F00F609B-35DE-4527-8201-8F04737DB00F}.Release|Any CPU.ActiveCfg = Release|Any CPU
		{F00F609B-35DE-4527-8201-8F04737DB00F}.Release|Any CPU.Build.0 = Release|Any CPU
	EndGlobalSection
	GlobalSection(SolutionProperties) = preSolution
		HideSolutionNode = FALSE
	EndGlobalSection
	GlobalSection(ExtensibilityGlobals) = postSolution
		SolutionGuid = {70975307-53C9-412A-8FF9-7092D0774A56}
	EndGlobalSection
EndGlobal
