
Microsoft Visual Studio Solution File, Format Version 12.00
# Visual Studio Version 17
VisualStudioVersion = 17.11.35312.102
MinimumVisualStudioVersion = 10.0.40219.1
Project("{FAE04EC0-301F-11D3-BF4B-00C04F79EFBC}") = "metodit9", "metodit9\metodit9.csproj", "{FB44E057-91B0-4E9C-8281-066E6AA8E7B8}"
EndProject
Global
	GlobalSection(SolutionConfigurationPlatforms) = preSolution
		Debug|Any CPU = Debug|Any CPU
		Release|Any CPU = Release|Any CPU
	EndGlobalSection
	GlobalSection(ProjectConfigurationPlatforms) = postSolution
		{FB44E057-91B0-4E9C-8281-066E6AA8E7B8}.Debug|Any CPU.ActiveCfg = Debug|Any CPU
		{FB44E057-91B0-4E9C-8281-066E6AA8E7B8}.Debug|Any CPU.Build.0 = Debug|Any CPU
		{FB44E057-91B0-4E9C-8281-066E6AA8E7B8}.Release|Any CPU.ActiveCfg = Release|Any CPU
		{FB44E057-91B0-4E9C-8281-066E6AA8E7B8}.Release|Any CPU.Build.0 = Release|Any CPU
	EndGlobalSection
	GlobalSection(SolutionProperties) = preSolution
		HideSolutionNode = FALSE
	EndGlobalSection
	GlobalSection(ExtensibilityGlobals) = postSolution
		SolutionGuid = {4A99BDBE-5313-41D1-BAFE-24E329026DA0}
	EndGlobalSection
EndGlobal
