
Microsoft Visual Studio Solution File, Format Version 12.00
# Visual Studio Version 17
VisualStudioVersion = 17.11.35312.102
MinimumVisualStudioVersion = 10.0.40219.1
Project("{FAE04EC0-301F-11D3-BF4B-00C04F79EFBC}") = "for-lausekkeet10", "for-lausekkeet10\for-lausekkeet10.csproj", "{AB067B51-2767-413B-BB3E-077D237ECAF1}"
EndProject
Global
	GlobalSection(SolutionConfigurationPlatforms) = preSolution
		Debug|Any CPU = Debug|Any CPU
		Release|Any CPU = Release|Any CPU
	EndGlobalSection
	GlobalSection(ProjectConfigurationPlatforms) = postSolution
		{AB067B51-2767-413B-BB3E-077D237ECAF1}.Debug|Any CPU.ActiveCfg = Debug|Any CPU
		{AB067B51-2767-413B-BB3E-077D237ECAF1}.Debug|Any CPU.Build.0 = Debug|Any CPU
		{AB067B51-2767-413B-BB3E-077D237ECAF1}.Release|Any CPU.ActiveCfg = Release|Any CPU
		{AB067B51-2767-413B-BB3E-077D237ECAF1}.Release|Any CPU.Build.0 = Release|Any CPU
	EndGlobalSection
	GlobalSection(SolutionProperties) = preSolution
		HideSolutionNode = FALSE
	EndGlobalSection
	GlobalSection(ExtensibilityGlobals) = postSolution
		SolutionGuid = {4871D989-B537-4252-9575-1C1F2665C258}
	EndGlobalSection
EndGlobal
