
Microsoft Visual Studio Solution File, Format Version 12.00
# Visual Studio Version 17
VisualStudioVersion = 17.11.35312.102
MinimumVisualStudioVersion = 10.0.40219.1
Project("{FAE04EC0-301F-11D3-BF4B-00C04F79EFBC}") = "operaattorit6", "operaattorit6\operaattorit6.csproj", "{72477B72-7D21-453D-9FA8-91FE8711478A}"
EndProject
Global
	GlobalSection(SolutionConfigurationPlatforms) = preSolution
		Debug|Any CPU = Debug|Any CPU
		Release|Any CPU = Release|Any CPU
	EndGlobalSection
	GlobalSection(ProjectConfigurationPlatforms) = postSolution
		{72477B72-7D21-453D-9FA8-91FE8711478A}.Debug|Any CPU.ActiveCfg = Debug|Any CPU
		{72477B72-7D21-453D-9FA8-91FE8711478A}.Debug|Any CPU.Build.0 = Debug|Any CPU
		{72477B72-7D21-453D-9FA8-91FE8711478A}.Release|Any CPU.ActiveCfg = Release|Any CPU
		{72477B72-7D21-453D-9FA8-91FE8711478A}.Release|Any CPU.Build.0 = Release|Any CPU
	EndGlobalSection
	GlobalSection(SolutionProperties) = preSolution
		HideSolutionNode = FALSE
	EndGlobalSection
	GlobalSection(ExtensibilityGlobals) = postSolution
		SolutionGuid = {24E20563-5F2B-422A-A5A8-7C8EBA0E7F0E}
	EndGlobalSection
EndGlobal
