
Microsoft Visual Studio Solution File, Format Version 12.00
# Visual Studio Version 17
VisualStudioVersion = 17.11.35312.102
MinimumVisualStudioVersion = 10.0.40219.1
Project("{FAE04EC0-301F-11D3-BF4B-00C04F79EFBC}") = "tietotyypitjamuuttujat5", "tietotyypitjamuuttujat5\tietotyypitjamuuttujat5.csproj", "{C9CB26AB-2380-430F-A83F-6CE1A300B2A2}"
EndProject
Global
	GlobalSection(SolutionConfigurationPlatforms) = preSolution
		Debug|Any CPU = Debug|Any CPU
		Release|Any CPU = Release|Any CPU
	EndGlobalSection
	GlobalSection(ProjectConfigurationPlatforms) = postSolution
		{C9CB26AB-2380-430F-A83F-6CE1A300B2A2}.Debug|Any CPU.ActiveCfg = Debug|Any CPU
		{C9CB26AB-2380-430F-A83F-6CE1A300B2A2}.Debug|Any CPU.Build.0 = Debug|Any CPU
		{C9CB26AB-2380-430F-A83F-6CE1A300B2A2}.Release|Any CPU.ActiveCfg = Release|Any CPU
		{C9CB26AB-2380-430F-A83F-6CE1A300B2A2}.Release|Any CPU.Build.0 = Release|Any CPU
	EndGlobalSection
	GlobalSection(SolutionProperties) = preSolution
		HideSolutionNode = FALSE
	EndGlobalSection
	GlobalSection(ExtensibilityGlobals) = postSolution
		SolutionGuid = {FCC35F18-3E84-40AF-A1CC-5B9D83EAF2B8}
	EndGlobalSection
EndGlobal
