
Microsoft Visual Studio Solution File, Format Version 12.00
# Visual Studio Version 17
VisualStudioVersion = 17.11.35312.102
MinimumVisualStudioVersion = 10.0.40219.1
Project("{FAE04EC0-301F-11D3-BF4B-00C04F79EFBC}") = "tietotyypitjamuuttujat7", "tietotyypitjamuuttujat7\tietotyypitjamuuttujat7.csproj", "{E70CA27D-E62F-46DF-8B29-D03F85ED74B8}"
EndProject
Global
	GlobalSection(SolutionConfigurationPlatforms) = preSolution
		Debug|Any CPU = Debug|Any CPU
		Release|Any CPU = Release|Any CPU
	EndGlobalSection
	GlobalSection(ProjectConfigurationPlatforms) = postSolution
		{E70CA27D-E62F-46DF-8B29-D03F85ED74B8}.Debug|Any CPU.ActiveCfg = Debug|Any CPU
		{E70CA27D-E62F-46DF-8B29-D03F85ED74B8}.Debug|Any CPU.Build.0 = Debug|Any CPU
		{E70CA27D-E62F-46DF-8B29-D03F85ED74B8}.Release|Any CPU.ActiveCfg = Release|Any CPU
		{E70CA27D-E62F-46DF-8B29-D03F85ED74B8}.Release|Any CPU.Build.0 = Release|Any CPU
	EndGlobalSection
	GlobalSection(SolutionProperties) = preSolution
		HideSolutionNode = FALSE
	EndGlobalSection
	GlobalSection(ExtensibilityGlobals) = postSolution
		SolutionGuid = {B0C59A8D-63B6-4EA1-9F1F-E826718FC19B}
	EndGlobalSection
EndGlobal
