
Microsoft Visual Studio Solution File, Format Version 12.00
# Visual Studio Version 17
VisualStudioVersion = 17.11.35312.102
MinimumVisualStudioVersion = 10.0.40219.1
Project("{FAE04EC0-301F-11D3-BF4B-00C04F79EFBC}") = "ConsoleApp1", "ConsoleApp1\ConsoleApp1.csproj", "{D3AFC0AB-9775-42E7-8D67-D88915C372B0}"
EndProject
Global
	GlobalSection(SolutionConfigurationPlatforms) = preSolution
		Debug|Any CPU = Debug|Any CPU
		Release|Any CPU = Release|Any CPU
	EndGlobalSection
	GlobalSection(ProjectConfigurationPlatforms) = postSolution
		{D3AFC0AB-9775-42E7-8D67-D88915C372B0}.Debug|Any CPU.ActiveCfg = Debug|Any CPU
		{D3AFC0AB-9775-42E7-8D67-D88915C372B0}.Debug|Any CPU.Build.0 = Debug|Any CPU
		{D3AFC0AB-9775-42E7-8D67-D88915C372B0}.Release|Any CPU.ActiveCfg = Release|Any CPU
		{D3AFC0AB-9775-42E7-8D67-D88915C372B0}.Release|Any CPU.Build.0 = Release|Any CPU
	EndGlobalSection
	GlobalSection(SolutionProperties) = preSolution
		HideSolutionNode = FALSE
	EndGlobalSection
	GlobalSection(ExtensibilityGlobals) = postSolution
		SolutionGuid = {888CC267-E100-45DD-B231-D72793BD49B2}
	EndGlobalSection
EndGlobal
