
Microsoft Visual Studio Solution File, Format Version 12.00
# Visual Studio Version 17
VisualStudioVersion = 17.11.35312.102
MinimumVisualStudioVersion = 10.0.40219.1
Project("{FAE04EC0-301F-11D3-BF4B-00C04F79EFBC}") = "metodit6", "metodit6\metodit6.csproj", "{0467C0B8-0DD5-43A2-83BB-F8300E387E54}"
EndProject
Global
	GlobalSection(SolutionConfigurationPlatforms) = preSolution
		Debug|Any CPU = Debug|Any CPU
		Release|Any CPU = Release|Any CPU
	EndGlobalSection
	GlobalSection(ProjectConfigurationPlatforms) = postSolution
		{0467C0B8-0DD5-43A2-83BB-F8300E387E54}.Debug|Any CPU.ActiveCfg = Debug|Any CPU
		{0467C0B8-0DD5-43A2-83BB-F8300E387E54}.Debug|Any CPU.Build.0 = Debug|Any CPU
		{0467C0B8-0DD5-43A2-83BB-F8300E387E54}.Release|Any CPU.ActiveCfg = Release|Any CPU
		{0467C0B8-0DD5-43A2-83BB-F8300E387E54}.Release|Any CPU.Build.0 = Release|Any CPU
	EndGlobalSection
	GlobalSection(SolutionProperties) = preSolution
		HideSolutionNode = FALSE
	EndGlobalSection
	GlobalSection(ExtensibilityGlobals) = postSolution
		SolutionGuid = {87B7272F-78B2-4D31-8340-29C8997E0CC8}
	EndGlobalSection
EndGlobal
