
Microsoft Visual Studio Solution File, Format Version 12.00
# Visual Studio Version 17
VisualStudioVersion = 17.11.35312.102
MinimumVisualStudioVersion = 10.0.40219.1
Project("{FAE04EC0-301F-11D3-BF4B-00C04F79EFBC}") = "metodit8", "metodit8\metodit8.csproj", "{26C386BE-DF48-4866-8B93-A572BA33110D}"
EndProject
Global
	GlobalSection(SolutionConfigurationPlatforms) = preSolution
		Debug|Any CPU = Debug|Any CPU
		Release|Any CPU = Release|Any CPU
	EndGlobalSection
	GlobalSection(ProjectConfigurationPlatforms) = postSolution
		{26C386BE-DF48-4866-8B93-A572BA33110D}.Debug|Any CPU.ActiveCfg = Debug|Any CPU
		{26C386BE-DF48-4866-8B93-A572BA33110D}.Debug|Any CPU.Build.0 = Debug|Any CPU
		{26C386BE-DF48-4866-8B93-A572BA33110D}.Release|Any CPU.ActiveCfg = Release|Any CPU
		{26C386BE-DF48-4866-8B93-A572BA33110D}.Release|Any CPU.Build.0 = Release|Any CPU
	EndGlobalSection
	GlobalSection(SolutionProperties) = preSolution
		HideSolutionNode = FALSE
	EndGlobalSection
	GlobalSection(ExtensibilityGlobals) = postSolution
		SolutionGuid = {B4422B8B-F82B-417E-971A-43045B72B309}
	EndGlobalSection
EndGlobal
