
Microsoft Visual Studio Solution File, Format Version 12.00
# Visual Studio Version 17
VisualStudioVersion = 17.11.35312.102
MinimumVisualStudioVersion = 10.0.40219.1
Project("{FAE04EC0-301F-11D3-BF4B-00C04F79EFBC}") = "metodit4", "metodit4\metodit4.csproj", "{F8EDBD7A-DD86-415D-9FF7-94D4F7E553D0}"
EndProject
Global
	GlobalSection(SolutionConfigurationPlatforms) = preSolution
		Debug|Any CPU = Debug|Any CPU
		Release|Any CPU = Release|Any CPU
	EndGlobalSection
	GlobalSection(ProjectConfigurationPlatforms) = postSolution
		{F8EDBD7A-DD86-415D-9FF7-94D4F7E553D0}.Debug|Any CPU.ActiveCfg = Debug|Any CPU
		{F8EDBD7A-DD86-415D-9FF7-94D4F7E553D0}.Debug|Any CPU.Build.0 = Debug|Any CPU
		{F8EDBD7A-DD86-415D-9FF7-94D4F7E553D0}.Release|Any CPU.ActiveCfg = Release|Any CPU
		{F8EDBD7A-DD86-415D-9FF7-94D4F7E553D0}.Release|Any CPU.Build.0 = Release|Any CPU
	EndGlobalSection
	GlobalSection(SolutionProperties) = preSolution
		HideSolutionNode = FALSE
	EndGlobalSection
	GlobalSection(ExtensibilityGlobals) = postSolution
		SolutionGuid = {6290831E-8989-4D7E-AE97-323A2E5A4AB0}
	EndGlobalSection
EndGlobal
