
Microsoft Visual Studio Solution File, Format Version 12.00
# Visual Studio Version 17
VisualStudioVersion = 17.11.35312.102
MinimumVisualStudioVersion = 10.0.40219.1
Project("{FAE04EC0-301F-11D3-BF4B-00C04F79EFBC}") = "tietotyypitjamuuttujat8", "tietotyypitjamuuttujat8\tietotyypitjamuuttujat8.csproj", "{7923D1C0-16E2-4D98-B2B9-A98ECBEAA3F0}"
EndProject
Global
	GlobalSection(SolutionConfigurationPlatforms) = preSolution
		Debug|Any CPU = Debug|Any CPU
		Release|Any CPU = Release|Any CPU
	EndGlobalSection
	GlobalSection(ProjectConfigurationPlatforms) = postSolution
		{7923D1C0-16E2-4D98-B2B9-A98ECBEAA3F0}.Debug|Any CPU.ActiveCfg = Debug|Any CPU
		{7923D1C0-16E2-4D98-B2B9-A98ECBEAA3F0}.Debug|Any CPU.Build.0 = Debug|Any CPU
		{7923D1C0-16E2-4D98-B2B9-A98ECBEAA3F0}.Release|Any CPU.ActiveCfg = Release|Any CPU
		{7923D1C0-16E2-4D98-B2B9-A98ECBEAA3F0}.Release|Any CPU.Build.0 = Release|Any CPU
	EndGlobalSection
	GlobalSection(SolutionProperties) = preSolution
		HideSolutionNode = FALSE
	EndGlobalSection
	GlobalSection(ExtensibilityGlobals) = postSolution
		SolutionGuid = {9A9F4DA8-8552-4436-9DAB-E4357AE758B7}
	EndGlobalSection
EndGlobal
