
Microsoft Visual Studio Solution File, Format Version 12.00
# Visual Studio Version 17
VisualStudioVersion = 17.11.35312.102
MinimumVisualStudioVersion = 10.0.40219.1
Project("{FAE04EC0-301F-11D3-BF4B-00C04F79EFBC}") = "if-lauseke1", "if-lauseke1\if-lauseke1.csproj", "{8C2C9BCA-F384-4F8B-80EC-9053EF89C852}"
EndProject
Global
	GlobalSection(SolutionConfigurationPlatforms) = preSolution
		Debug|Any CPU = Debug|Any CPU
		Release|Any CPU = Release|Any CPU
	EndGlobalSection
	GlobalSection(ProjectConfigurationPlatforms) = postSolution
		{8C2C9BCA-F384-4F8B-80EC-9053EF89C852}.Debug|Any CPU.ActiveCfg = Debug|Any CPU
		{8C2C9BCA-F384-4F8B-80EC-9053EF89C852}.Debug|Any CPU.Build.0 = Debug|Any CPU
		{8C2C9BCA-F384-4F8B-80EC-9053EF89C852}.Release|Any CPU.ActiveCfg = Release|Any CPU
		{8C2C9BCA-F384-4F8B-80EC-9053EF89C852}.Release|Any CPU.Build.0 = Release|Any CPU
	EndGlobalSection
	GlobalSection(SolutionProperties) = preSolution
		HideSolutionNode = FALSE
	EndGlobalSection
	GlobalSection(ExtensibilityGlobals) = postSolution
		SolutionGuid = {76345D15-83DC-4A15-8958-603EE5A8BB7D}
	EndGlobalSection
EndGlobal
