
Microsoft Visual Studio Solution File, Format Version 12.00
# Visual Studio Version 17
VisualStudioVersion = 17.11.35312.102
MinimumVisualStudioVersion = 10.0.40219.1
Project("{FAE04EC0-301F-11D3-BF4B-00C04F79EFBC}") = "if-lausekkeet5", "if-lausekkeet5\if-lausekkeet5.csproj", "{4C071AB2-3A6D-49D5-BD34-E3096EC56DE8}"
EndProject
Global
	GlobalSection(SolutionConfigurationPlatforms) = preSolution
		Debug|Any CPU = Debug|Any CPU
		Release|Any CPU = Release|Any CPU
	EndGlobalSection
	GlobalSection(ProjectConfigurationPlatforms) = postSolution
		{4C071AB2-3A6D-49D5-BD34-E3096EC56DE8}.Debug|Any CPU.ActiveCfg = Debug|Any CPU
		{4C071AB2-3A6D-49D5-BD34-E3096EC56DE8}.Debug|Any CPU.Build.0 = Debug|Any CPU
		{4C071AB2-3A6D-49D5-BD34-E3096EC56DE8}.Release|Any CPU.ActiveCfg = Release|Any CPU
		{4C071AB2-3A6D-49D5-BD34-E3096EC56DE8}.Release|Any CPU.Build.0 = Release|Any CPU
	EndGlobalSection
	GlobalSection(SolutionProperties) = preSolution
		HideSolutionNode = FALSE
	EndGlobalSection
	GlobalSection(ExtensibilityGlobals) = postSolution
		SolutionGuid = {5BA09247-4398-4F6C-8A5B-1F99C87D0476}
	EndGlobalSection
EndGlobal
