
Microsoft Visual Studio Solution File, Format Version 12.00
# Visual Studio Version 17
VisualStudioVersion = 17.11.35312.102
MinimumVisualStudioVersion = 10.0.40219.1
Project("{FAE04EC0-301F-11D3-BF4B-00C04F79EFBC}") = "for-lausekkeet4", "for-lausekkeet4\for-lausekkeet4.csproj", "{6C96AA3A-A67F-4D32-9146-EACB8A50FB58}"
EndProject
Global
	GlobalSection(SolutionConfigurationPlatforms) = preSolution
		Debug|Any CPU = Debug|Any CPU
		Release|Any CPU = Release|Any CPU
	EndGlobalSection
	GlobalSection(ProjectConfigurationPlatforms) = postSolution
		{6C96AA3A-A67F-4D32-9146-EACB8A50FB58}.Debug|Any CPU.ActiveCfg = Debug|Any CPU
		{6C96AA3A-A67F-4D32-9146-EACB8A50FB58}.Debug|Any CPU.Build.0 = Debug|Any CPU
		{6C96AA3A-A67F-4D32-9146-EACB8A50FB58}.Release|Any CPU.ActiveCfg = Release|Any CPU
		{6C96AA3A-A67F-4D32-9146-EACB8A50FB58}.Release|Any CPU.Build.0 = Release|Any CPU
	EndGlobalSection
	GlobalSection(SolutionProperties) = preSolution
		HideSolutionNode = FALSE
	EndGlobalSection
	GlobalSection(ExtensibilityGlobals) = postSolution
		SolutionGuid = {6DD8E3A3-9464-468B-8607-794C4B50C5E4}
	EndGlobalSection
EndGlobal
