
Microsoft Visual Studio Solution File, Format Version 12.00
# Visual Studio Version 17
VisualStudioVersion = 17.11.35312.102
MinimumVisualStudioVersion = 10.0.40219.1
Project("{FAE04EC0-301F-11D3-BF4B-00C04F79EFBC}") = "operaattorit4", "operaattorit4\operaattorit4.csproj", "{EB114F14-8181-40C9-B69C-40A9B0E50D7E}"
EndProject
Global
	GlobalSection(SolutionConfigurationPlatforms) = preSolution
		Debug|Any CPU = Debug|Any CPU
		Release|Any CPU = Release|Any CPU
	EndGlobalSection
	GlobalSection(ProjectConfigurationPlatforms) = postSolution
		{EB114F14-8181-40C9-B69C-40A9B0E50D7E}.Debug|Any CPU.ActiveCfg = Debug|Any CPU
		{EB114F14-8181-40C9-B69C-40A9B0E50D7E}.Debug|Any CPU.Build.0 = Debug|Any CPU
		{EB114F14-8181-40C9-B69C-40A9B0E50D7E}.Release|Any CPU.ActiveCfg = Release|Any CPU
		{EB114F14-8181-40C9-B69C-40A9B0E50D7E}.Release|Any CPU.Build.0 = Release|Any CPU
	EndGlobalSection
	GlobalSection(SolutionProperties) = preSolution
		HideSolutionNode = FALSE
	EndGlobalSection
	GlobalSection(ExtensibilityGlobals) = postSolution
		SolutionGuid = {61C423AB-CDD9-4A19-917B-F3406718A907}
	EndGlobalSection
EndGlobal
