
Microsoft Visual Studio Solution File, Format Version 12.00
# Visual Studio Version 17
VisualStudioVersion = 17.11.35312.102
MinimumVisualStudioVersion = 10.0.40219.1
Project("{FAE04EC0-301F-11D3-BF4B-00C04F79EFBC}") = "tiedostojen luku1", "tiedostojen luku1\tiedostojen luku1.csproj", "{7AAC90A5-6459-4933-8361-D5AF5B8C0CF5}"
EndProject
Global
	GlobalSection(SolutionConfigurationPlatforms) = preSolution
		Debug|Any CPU = Debug|Any CPU
		Release|Any CPU = Release|Any CPU
	EndGlobalSection
	GlobalSection(ProjectConfigurationPlatforms) = postSolution
		{7AAC90A5-6459-4933-8361-D5AF5B8C0CF5}.Debug|Any CPU.ActiveCfg = Debug|Any CPU
		{7AAC90A5-6459-4933-8361-D5AF5B8C0CF5}.Debug|Any CPU.Build.0 = Debug|Any CPU
		{7AAC90A5-6459-4933-8361-D5AF5B8C0CF5}.Release|Any CPU.ActiveCfg = Release|Any CPU
		{7AAC90A5-6459-4933-8361-D5AF5B8C0CF5}.Release|Any CPU.Build.0 = Release|Any CPU
	EndGlobalSection
	GlobalSection(SolutionProperties) = preSolution
		HideSolutionNode = FALSE
	EndGlobalSection
	GlobalSection(ExtensibilityGlobals) = postSolution
		SolutionGuid = {10E61F57-AF77-4207-8BAC-156F4D45BD04}
	EndGlobalSection
EndGlobal
