
Microsoft Visual Studio Solution File, Format Version 12.00
# Visual Studio Version 17
VisualStudioVersion = 17.11.35312.102
MinimumVisualStudioVersion = 10.0.40219.1
Project("{FAE04EC0-301F-11D3-BF4B-00C04F79EFBC}") = "while.loopit4", "while.loopit4\while.loopit4.csproj", "{5F3473D6-8CD1-432D-A987-949191A8837A}"
EndProject
Global
	GlobalSection(SolutionConfigurationPlatforms) = preSolution
		Debug|Any CPU = Debug|Any CPU
		Release|Any CPU = Release|Any CPU
	EndGlobalSection
	GlobalSection(ProjectConfigurationPlatforms) = postSolution
		{5F3473D6-8CD1-432D-A987-949191A8837A}.Debug|Any CPU.ActiveCfg = Debug|Any CPU
		{5F3473D6-8CD1-432D-A987-949191A8837A}.Debug|Any CPU.Build.0 = Debug|Any CPU
		{5F3473D6-8CD1-432D-A987-949191A8837A}.Release|Any CPU.ActiveCfg = Release|Any CPU
		{5F3473D6-8CD1-432D-A987-949191A8837A}.Release|Any CPU.Build.0 = Release|Any CPU
	EndGlobalSection
	GlobalSection(SolutionProperties) = preSolution
		HideSolutionNode = FALSE
	EndGlobalSection
	GlobalSection(ExtensibilityGlobals) = postSolution
		SolutionGuid = {66D050D0-72BE-4178-ADBF-454180FF2F97}
	EndGlobalSection
EndGlobal
