
Microsoft Visual Studio Solution File, Format Version 12.00
# Visual Studio Version 17
VisualStudioVersion = 17.11.35312.102
MinimumVisualStudioVersion = 10.0.40219.1
Project("{FAE04EC0-301F-11D3-BF4B-00C04F79EFBC}") = "for-silmukka3", "for-silmukka3\for-silmukka3.csproj", "{300EF0BC-8A33-46D6-B127-07255E1E0263}"
EndProject
Global
	GlobalSection(SolutionConfigurationPlatforms) = preSolution
		Debug|Any CPU = Debug|Any CPU
		Release|Any CPU = Release|Any CPU
	EndGlobalSection
	GlobalSection(ProjectConfigurationPlatforms) = postSolution
		{300EF0BC-8A33-46D6-B127-07255E1E0263}.Debug|Any CPU.ActiveCfg = Debug|Any CPU
		{300EF0BC-8A33-46D6-B127-07255E1E0263}.Debug|Any CPU.Build.0 = Debug|Any CPU
		{300EF0BC-8A33-46D6-B127-07255E1E0263}.Release|Any CPU.ActiveCfg = Release|Any CPU
		{300EF0BC-8A33-46D6-B127-07255E1E0263}.Release|Any CPU.Build.0 = Release|Any CPU
	EndGlobalSection
	GlobalSection(SolutionProperties) = preSolution
		HideSolutionNode = FALSE
	EndGlobalSection
	GlobalSection(ExtensibilityGlobals) = postSolution
		SolutionGuid = {9A249296-6586-4DD6-A4EB-636FB4AE2241}
	EndGlobalSection
EndGlobal
