
Microsoft Visual Studio Solution File, Format Version 12.00
# Visual Studio Version 17
VisualStudioVersion = 17.11.35312.102
MinimumVisualStudioVersion = 10.0.40219.1
Project("{FAE04EC0-301F-11D3-BF4B-00C04F79EFBC}") = "if-lausekkeet9", "if-lausekkeet9\if-lausekkeet9.csproj", "{EE5675C1-B168-4AD8-9664-D875FBD8222C}"
EndProject
Global
	GlobalSection(SolutionConfigurationPlatforms) = preSolution
		Debug|Any CPU = Debug|Any CPU
		Release|Any CPU = Release|Any CPU
	EndGlobalSection
	GlobalSection(ProjectConfigurationPlatforms) = postSolution
		{EE5675C1-B168-4AD8-9664-D875FBD8222C}.Debug|Any CPU.ActiveCfg = Debug|Any CPU
		{EE5675C1-B168-4AD8-9664-D875FBD8222C}.Debug|Any CPU.Build.0 = Debug|Any CPU
		{EE5675C1-B168-4AD8-9664-D875FBD8222C}.Release|Any CPU.ActiveCfg = Release|Any CPU
		{EE5675C1-B168-4AD8-9664-D875FBD8222C}.Release|Any CPU.Build.0 = Release|Any CPU
	EndGlobalSection
	GlobalSection(SolutionProperties) = preSolution
		HideSolutionNode = FALSE
	EndGlobalSection
	GlobalSection(ExtensibilityGlobals) = postSolution
		SolutionGuid = {B6A34968-D114-4116-A58C-FDDCAD03DB00}
	EndGlobalSection
EndGlobal
