
Microsoft Visual Studio Solution File, Format Version 12.00
# Visual Studio Version 17
VisualStudioVersion = 17.11.35312.102
MinimumVisualStudioVersion = 10.0.40219.1
Project("{FAE04EC0-301F-11D3-BF4B-00C04F79EFBC}") = "for-silmukka1", "for-silmukka1\for-silmukka1.csproj", "{E9607C81-E9A9-4378-9338-8E3C570081B2}"
EndProject
Global
	GlobalSection(SolutionConfigurationPlatforms) = preSolution
		Debug|Any CPU = Debug|Any CPU
		Release|Any CPU = Release|Any CPU
	EndGlobalSection
	GlobalSection(ProjectConfigurationPlatforms) = postSolution
		{E9607C81-E9A9-4378-9338-8E3C570081B2}.Debug|Any CPU.ActiveCfg = Debug|Any CPU
		{E9607C81-E9A9-4378-9338-8E3C570081B2}.Debug|Any CPU.Build.0 = Debug|Any CPU
		{E9607C81-E9A9-4378-9338-8E3C570081B2}.Release|Any CPU.ActiveCfg = Release|Any CPU
		{E9607C81-E9A9-4378-9338-8E3C570081B2}.Release|Any CPU.Build.0 = Release|Any CPU
	EndGlobalSection
	GlobalSection(SolutionProperties) = preSolution
		HideSolutionNode = FALSE
	EndGlobalSection
	GlobalSection(ExtensibilityGlobals) = postSolution
		SolutionGuid = {A70DDA1C-FD87-4AE7-B6C2-B72E61EAB606}
	EndGlobalSection
EndGlobal
