
Microsoft Visual Studio Solution File, Format Version 12.00
# Visual Studio Version 17
VisualStudioVersion = 17.11.35312.102
MinimumVisualStudioVersion = 10.0.40219.1
Project("{FAE04EC0-301F-11D3-BF4B-00C04F79EFBC}") = "while-loopit6", "while-loopit6\while-loopit6.csproj", "{D7E1F89E-5C90-480C-ADD7-C414181B3053}"
EndProject
Global
	GlobalSection(SolutionConfigurationPlatforms) = preSolution
		Debug|Any CPU = Debug|Any CPU
		Release|Any CPU = Release|Any CPU
	EndGlobalSection
	GlobalSection(ProjectConfigurationPlatforms) = postSolution
		{D7E1F89E-5C90-480C-ADD7-C414181B3053}.Debug|Any CPU.ActiveCfg = Debug|Any CPU
		{D7E1F89E-5C90-480C-ADD7-C414181B3053}.Debug|Any CPU.Build.0 = Debug|Any CPU
		{D7E1F89E-5C90-480C-ADD7-C414181B3053}.Release|Any CPU.ActiveCfg = Release|Any CPU
		{D7E1F89E-5C90-480C-ADD7-C414181B3053}.Release|Any CPU.Build.0 = Release|Any CPU
	EndGlobalSection
	GlobalSection(SolutionProperties) = preSolution
		HideSolutionNode = FALSE
	EndGlobalSection
	GlobalSection(ExtensibilityGlobals) = postSolution
		SolutionGuid = {62AE1B00-F8C5-44FC-982F-9CCFDF6FD777}
	EndGlobalSection
EndGlobal
