
Microsoft Visual Studio Solution File, Format Version 12.00
# Visual Studio Version 17
VisualStudioVersion = 17.11.35312.102
MinimumVisualStudioVersion = 10.0.40219.1
Project("{FAE04EC0-301F-11D3-BF4B-00C04F79EFBC}") = "list-luokka2", "list-luokka2\list-luokka2.csproj", "{C6F95536-F03D-4795-90E3-640B7AC88744}"
EndProject
Global
	GlobalSection(SolutionConfigurationPlatforms) = preSolution
		Debug|Any CPU = Debug|Any CPU
		Release|Any CPU = Release|Any CPU
	EndGlobalSection
	GlobalSection(ProjectConfigurationPlatforms) = postSolution
		{C6F95536-F03D-4795-90E3-640B7AC88744}.Debug|Any CPU.ActiveCfg = Debug|Any CPU
		{C6F95536-F03D-4795-90E3-640B7AC88744}.Debug|Any CPU.Build.0 = Debug|Any CPU
		{C6F95536-F03D-4795-90E3-640B7AC88744}.Release|Any CPU.ActiveCfg = Release|Any CPU
		{C6F95536-F03D-4795-90E3-640B7AC88744}.Release|Any CPU.Build.0 = Release|Any CPU
	EndGlobalSection
	GlobalSection(SolutionProperties) = preSolution
		HideSolutionNode = FALSE
	EndGlobalSection
	GlobalSection(ExtensibilityGlobals) = postSolution
		SolutionGuid = {0302E45A-B64A-4F30-8485-17B0F19B63D8}
	EndGlobalSection
EndGlobal
