
Microsoft Visual Studio Solution File, Format Version 12.00
# Visual Studio Version 17
VisualStudioVersion = 17.11.35312.102
MinimumVisualStudioVersion = 10.0.40219.1
Project("{FAE04EC0-301F-11D3-BF4B-00C04F79EFBC}") = "metodit7", "metodit7\metodit7.csproj", "{E186BC78-C099-4AC2-A491-B8CB8564A0A8}"
EndProject
Global
	GlobalSection(SolutionConfigurationPlatforms) = preSolution
		Debug|Any CPU = Debug|Any CPU
		Release|Any CPU = Release|Any CPU
	EndGlobalSection
	GlobalSection(ProjectConfigurationPlatforms) = postSolution
		{E186BC78-C099-4AC2-A491-B8CB8564A0A8}.Debug|Any CPU.ActiveCfg = Debug|Any CPU
		{E186BC78-C099-4AC2-A491-B8CB8564A0A8}.Debug|Any CPU.Build.0 = Debug|Any CPU
		{E186BC78-C099-4AC2-A491-B8CB8564A0A8}.Release|Any CPU.ActiveCfg = Release|Any CPU
		{E186BC78-C099-4AC2-A491-B8CB8564A0A8}.Release|Any CPU.Build.0 = Release|Any CPU
	EndGlobalSection
	GlobalSection(SolutionProperties) = preSolution
		HideSolutionNode = FALSE
	EndGlobalSection
	GlobalSection(ExtensibilityGlobals) = postSolution
		SolutionGuid = {0C95ACC6-A85D-41B3-A53F-9DBEB071E2A3}
	EndGlobalSection
EndGlobal
