
Microsoft Visual Studio Solution File, Format Version 12.00
# Visual Studio Version 17
VisualStudioVersion = 17.11.35312.102
MinimumVisualStudioVersion = 10.0.40219.1
Project("{FAE04EC0-301F-11D3-BF4B-00C04F79EFBC}") = "operaattorit5", "operaattorit5\operaattorit5.csproj", "{ADB9F5B2-5B89-49F8-A616-6B786043E29C}"
EndProject
Global
	GlobalSection(SolutionConfigurationPlatforms) = preSolution
		Debug|Any CPU = Debug|Any CPU
		Release|Any CPU = Release|Any CPU
	EndGlobalSection
	GlobalSection(ProjectConfigurationPlatforms) = postSolution
		{ADB9F5B2-5B89-49F8-A616-6B786043E29C}.Debug|Any CPU.ActiveCfg = Debug|Any CPU
		{ADB9F5B2-5B89-49F8-A616-6B786043E29C}.Debug|Any CPU.Build.0 = Debug|Any CPU
		{ADB9F5B2-5B89-49F8-A616-6B786043E29C}.Release|Any CPU.ActiveCfg = Release|Any CPU
		{ADB9F5B2-5B89-49F8-A616-6B786043E29C}.Release|Any CPU.Build.0 = Release|Any CPU
	EndGlobalSection
	GlobalSection(SolutionProperties) = preSolution
		HideSolutionNode = FALSE
	EndGlobalSection
	GlobalSection(ExtensibilityGlobals) = postSolution
		SolutionGuid = {27D7ABFA-6B36-4650-A69A-AC89A70A89B6}
	EndGlobalSection
EndGlobal
